
Microsoft Visual Studio Solution File, Format Version 12.00
# Visual Studio Version 17
VisualStudioVersion = 17.0.31903.59
MinimumVisualStudioVersion = 10.0.40219.1
Project("{2150E333-8FDC-42A3-9474-1A3956D46DE8}") = "src", "src", "{5878381B-BDEC-45C9-B449-57DBD41D94F1}"
EndProject
Project("{FAE04EC0-301F-11D3-BF4B-00C04F79EFBC}") = "uhlig.game.api", "src\uhlig.game.api\uhlig.game.api.csproj", "{81566DED-63F9-46F0-8524-911F7548E005}"
EndProject
Project("{2150E333-8FDC-42A3-9474-1A3956D46DE8}") = "test", "test", "{57209477-1D10-41DC-BAA5-FF5A339107D4}"
EndProject
Project("{FAE04EC0-301F-11D3-BF4B-00C04F79EFBC}") = "uhlig.game.test", "test\uhlig.game.test\uhlig.game.test.csproj", "{5ED7699A-4704-4C02-A50B-84E7D612E095}"
EndProject
Project("{FAE04EC0-301F-11D3-BF4B-00C04F79EFBC}") = "uhlig.game.domain", "src\uhlig.game.domain\uhlig.game.domain.csproj", "{BAD47595-7E33-45FB-BF38-46B5B46F8B6B}"
EndProject
Project("{FAE04EC0-301F-11D3-BF4B-00C04F79EFBC}") = "uhlig.game.services", "src\uhlig.game.services\uhlig.game.services.csproj", "{BDBBA657-9AAC-4887-967B-EC2092326E4B}"
EndProject
Project("{FAE04EC0-301F-11D3-BF4B-00C04F79EFBC}") = "uhlig.game.infra.crosscutting", "src\uhlig.game.infra.crosscutting\uhlig.game.infra.crosscutting.csproj", "{4805A571-E640-47E3-BC64-7DFA9FD13F42}"
EndProject
Global
	GlobalSection(SolutionConfigurationPlatforms) = preSolution
		Debug|Any CPU = Debug|Any CPU
		Release|Any CPU = Release|Any CPU
	EndGlobalSection
	GlobalSection(SolutionProperties) = preSolution
		HideSolutionNode = FALSE
	EndGlobalSection
	GlobalSection(ProjectConfigurationPlatforms) = postSolution
		{81566DED-63F9-46F0-8524-911F7548E005}.Debug|Any CPU.ActiveCfg = Debug|Any CPU
		{81566DED-63F9-46F0-8524-911F7548E005}.Debug|Any CPU.Build.0 = Debug|Any CPU
		{81566DED-63F9-46F0-8524-911F7548E005}.Release|Any CPU.ActiveCfg = Release|Any CPU
		{81566DED-63F9-46F0-8524-911F7548E005}.Release|Any CPU.Build.0 = Release|Any CPU
		{5ED7699A-4704-4C02-A50B-84E7D612E095}.Debug|Any CPU.ActiveCfg = Debug|Any CPU
		{5ED7699A-4704-4C02-A50B-84E7D612E095}.Debug|Any CPU.Build.0 = Debug|Any CPU
		{5ED7699A-4704-4C02-A50B-84E7D612E095}.Release|Any CPU.ActiveCfg = Release|Any CPU
		{5ED7699A-4704-4C02-A50B-84E7D612E095}.Release|Any CPU.Build.0 = Release|Any CPU
		{BAD47595-7E33-45FB-BF38-46B5B46F8B6B}.Debug|Any CPU.ActiveCfg = Debug|Any CPU
		{BAD47595-7E33-45FB-BF38-46B5B46F8B6B}.Debug|Any CPU.Build.0 = Debug|Any CPU
		{BAD47595-7E33-45FB-BF38-46B5B46F8B6B}.Release|Any CPU.ActiveCfg = Release|Any CPU
		{BAD47595-7E33-45FB-BF38-46B5B46F8B6B}.Release|Any CPU.Build.0 = Release|Any CPU
		{BDBBA657-9AAC-4887-967B-EC2092326E4B}.Debug|Any CPU.ActiveCfg = Debug|Any CPU
		{BDBBA657-9AAC-4887-967B-EC2092326E4B}.Debug|Any CPU.Build.0 = Debug|Any CPU
		{BDBBA657-9AAC-4887-967B-EC2092326E4B}.Release|Any CPU.ActiveCfg = Release|Any CPU
		{BDBBA657-9AAC-4887-967B-EC2092326E4B}.Release|Any CPU.Build.0 = Release|Any CPU
		{4805A571-E640-47E3-BC64-7DFA9FD13F42}.Debug|Any CPU.ActiveCfg = Debug|Any CPU
		{4805A571-E640-47E3-BC64-7DFA9FD13F42}.Debug|Any CPU.Build.0 = Debug|Any CPU
		{4805A571-E640-47E3-BC64-7DFA9FD13F42}.Release|Any CPU.ActiveCfg = Release|Any CPU
		{4805A571-E640-47E3-BC64-7DFA9FD13F42}.Release|Any CPU.Build.0 = Release|Any CPU
	EndGlobalSection
	GlobalSection(NestedProjects) = preSolution
		{81566DED-63F9-46F0-8524-911F7548E005} = {5878381B-BDEC-45C9-B449-57DBD41D94F1}
		{5ED7699A-4704-4C02-A50B-84E7D612E095} = {57209477-1D10-41DC-BAA5-FF5A339107D4}
		{BAD47595-7E33-45FB-BF38-46B5B46F8B6B} = {5878381B-BDEC-45C9-B449-57DBD41D94F1}
		{BDBBA657-9AAC-4887-967B-EC2092326E4B} = {5878381B-BDEC-45C9-B449-57DBD41D94F1}
		{4805A571-E640-47E3-BC64-7DFA9FD13F42} = {5878381B-BDEC-45C9-B449-57DBD41D94F1}
	EndGlobalSection
EndGlobal
